// !$*UTF8*$!
{
	archiveVersion = 1;
	classes = {
	};
	objectVersion = 46;
	objects = {

/* Begin PBXBuildFile section */
		0A5236021CAA3A9C00ED5AAA /* shader.cpp in Sources */ = {isa = PBXBuildFile; fileRef = 0A5235F61CAA3A6A00ED5AAA /* shader.cpp */; };
		0A5236061CAA3B0400ED5AAA /* triangles.cpp in Sources */ = {isa = PBXBuildFile; fileRef = 0A5236031CAA3B0400ED5AAA /* triangles.cpp */; };
		0A5236071CAA3B3900ED5AAA /* triangles.fragment in CopyFiles */ = {isa = PBXBuildFile; fileRef = 0A5236041CAA3B0400ED5AAA /* triangles.fragment */; };
		0A5236081CAA3B3900ED5AAA /* triangles.vertex in CopyFiles */ = {isa = PBXBuildFile; fileRef = 0A5236051CAA3B0400ED5AAA /* triangles.vertex */; };
		0A52360D1CAA531100ED5AAA /* shader.cpp in Sources */ = {isa = PBXBuildFile; fileRef = 0A5235F61CAA3A6A00ED5AAA /* shader.cpp */; };
		0A52361A1CAA54B800ED5AAA /* main.cpp in Sources */ = {isa = PBXBuildFile; fileRef = 0A5236191CAA54B800ED5AAA /* main.cpp */; };
		0A52361E1CAA55B700ED5AAA /* primitive_restart.vertex in CopyFiles */ = {isa = PBXBuildFile; fileRef = 0A52361C1CAA54F700ED5AAA /* primitive_restart.vertex */; };
		0A52361F1CAA55B700ED5AAA /* primitive_restart.fragment in CopyFiles */ = {isa = PBXBuildFile; fileRef = 0A52361D1CAA557600ED5AAA /* primitive_restart.fragment */; };
		0A5FC3D01CACD0B400A178B5 /* vbm.cpp in Sources */ = {isa = PBXBuildFile; fileRef = 0A5FC3C31CACD06100A178B5 /* vbm.cpp */; };
		0A5FC3D31CACD0F800A178B5 /* ch03_instancing.cpp in Sources */ = {isa = PBXBuildFile; fileRef = 0A5FC3D21CACD0F800A178B5 /* ch03_instancing.cpp */; };
		0A5FC3D61CACD23E00A178B5 /* CKApp.cpp in Sources */ = {isa = PBXBuildFile; fileRef = 0A5FC3D41CACD23E00A178B5 /* CKApp.cpp */; };
		0A5FC3D91CACEA1800A178B5 /* instancing.vertex in CopyFiles */ = {isa = PBXBuildFile; fileRef = 0A5FC3D71CACE72400A178B5 /* instancing.vertex */; };
		0A5FC3DA1CACEA1800A178B5 /* instancing.fragment in CopyFiles */ = {isa = PBXBuildFile; fileRef = 0A5FC3D81CACE77F00A178B5 /* instancing.fragment */; };
		0A5FC3DC1CACEA3E00A178B5 /* armadillo_low.vbm in CopyFiles */ = {isa = PBXBuildFile; fileRef = 0A5FC3DB1CACEA3B00A178B5 /* armadillo_low.vbm */; };
		0A5FC3DD1CACF87E00A178B5 /* shader.cpp in Sources */ = {isa = PBXBuildFile; fileRef = 0A5235F61CAA3A6A00ED5AAA /* shader.cpp */; };
		0A5FC3E11CAE2B7800A178B5 /* shader.cpp in Sources */ = {isa = PBXBuildFile; fileRef = 0A5235F61CAA3A6A00ED5AAA /* shader.cpp */; };
		0A5FC3E41CAE2B7800A178B5 /* CKApp.cpp in Sources */ = {isa = PBXBuildFile; fileRef = 0A5FC3D41CACD23E00A178B5 /* CKApp.cpp */; };
		0A5FC3F01CAE2BCD00A178B5 /* pointsprites.cpp in Sources */ = {isa = PBXBuildFile; fileRef = 0A5FC3EE1CAE2BCD00A178B5 /* pointsprites.cpp */; };
		0A6EB6361CAE42EE005DA4C6 /* tga.cpp in Sources */ = {isa = PBXBuildFile; fileRef = 0A6EB6341CAE42EE005DA4C6 /* tga.cpp */; };
		0A6EB6391CAE46A3005DA4C6 /* sprite.tga in CopyFiles */ = {isa = PBXBuildFile; fileRef = 0A6EB6371CAE4696005DA4C6 /* sprite.tga */; };
		0A6EB63A1CAE46A4005DA4C6 /* sprite2.tga in CopyFiles */ = {isa = PBXBuildFile; fileRef = 0A6EB6381CAE4696005DA4C6 /* sprite2.tga */; };
		0A6EB63D1CAE49BC005DA4C6 /* pointsprites.fragment in CopyFiles */ = {isa = PBXBuildFile; fileRef = 0A6EB63B1CAE48CD005DA4C6 /* pointsprites.fragment */; };
		0A6EB63E1CAE49BC005DA4C6 /* pointsprites.vertex in CopyFiles */ = {isa = PBXBuildFile; fileRef = 0A6EB63C1CAE4923005DA4C6 /* pointsprites.vertex */; };
		0A6EB6441CB1DACB005DA4C6 /* shader.cpp in Sources */ = {isa = PBXBuildFile; fileRef = 0A5235F61CAA3A6A00ED5AAA /* shader.cpp */; };
		0A6EB6471CB1DACB005DA4C6 /* primitive_restart.vertex in CopyFiles */ = {isa = PBXBuildFile; fileRef = 0A52361C1CAA54F700ED5AAA /* primitive_restart.vertex */; };
		0A6EB6481CB1DACB005DA4C6 /* primitive_restart.fragment in CopyFiles */ = {isa = PBXBuildFile; fileRef = 0A52361D1CAA557600ED5AAA /* primitive_restart.fragment */; };
		0A6EB6501CB1DB48005DA4C6 /* RestartPrimitivesApplication.cpp in Sources */ = {isa = PBXBuildFile; fileRef = 0A6EB64E1CB1DB48005DA4C6 /* RestartPrimitivesApplication.cpp */; };
		0A6EB6511CB1DB68005DA4C6 /* CKApp.cpp in Sources */ = {isa = PBXBuildFile; fileRef = 0A5FC3D41CACD23E00A178B5 /* CKApp.cpp */; };
		0A6EB6561CB2214F005DA4C6 /* shader.cpp in Sources */ = {isa = PBXBuildFile; fileRef = 0A5235F61CAA3A6A00ED5AAA /* shader.cpp */; };
		0A6EB6571CB2214F005DA4C6 /* vbm.cpp in Sources */ = {isa = PBXBuildFile; fileRef = 0A5FC3C31CACD06100A178B5 /* vbm.cpp */; };
		0A6EB6591CB2214F005DA4C6 /* CKApp.cpp in Sources */ = {isa = PBXBuildFile; fileRef = 0A5FC3D41CACD23E00A178B5 /* CKApp.cpp */; };
		0A6EB65C1CB2214F005DA4C6 /* armadillo_low.vbm in CopyFiles */ = {isa = PBXBuildFile; fileRef = 0A5FC3DB1CACEA3B00A178B5 /* armadillo_low.vbm */; };
		0A6EB6631CB2217A005DA4C6 /* instancing2.vertex in CopyFiles */ = {isa = PBXBuildFile; fileRef = 0A6EB6521CB21EEE005DA4C6 /* instancing2.vertex */; };
		0A6EB6641CB2217A005DA4C6 /* instancing2.fragment in CopyFiles */ = {isa = PBXBuildFile; fileRef = 0A6EB6531CB2209D005DA4C6 /* instancing2.fragment */; };
		0A6EB6661CB2218D005DA4C6 /* ch03_instancing2.cpp in Sources */ = {isa = PBXBuildFile; fileRef = 0A6EB6651CB2218D005DA4C6 /* ch03_instancing2.cpp */; };
		0A6EB6671CB2218D005DA4C6 /* ch03_instancing2.cpp in Sources */ = {isa = PBXBuildFile; fileRef = 0A6EB6651CB2218D005DA4C6 /* ch03_instancing2.cpp */; };
		0A6EB66A1CB234C3005DA4C6 /* shader.cpp in Sources */ = {isa = PBXBuildFile; fileRef = 0A5235F61CAA3A6A00ED5AAA /* shader.cpp */; };
		0A6EB66B1CB234C3005DA4C6 /* vbm.cpp in Sources */ = {isa = PBXBuildFile; fileRef = 0A5FC3C31CACD06100A178B5 /* vbm.cpp */; };
		0A6EB66D1CB234C3005DA4C6 /* CKApp.cpp in Sources */ = {isa = PBXBuildFile; fileRef = 0A5FC3D41CACD23E00A178B5 /* CKApp.cpp */; };
		0A6EB6721CB234C3005DA4C6 /* armadillo_low.vbm in CopyFiles */ = {isa = PBXBuildFile; fileRef = 0A5FC3DB1CACEA3B00A178B5 /* armadillo_low.vbm */; };
		0A6EB6781CB23508005DA4C6 /* ch03_instancing3.cpp in Sources */ = {isa = PBXBuildFile; fileRef = 0A6EB6771CB23508005DA4C6 /* ch03_instancing3.cpp */; };
		91C01F4D1CB2DEB50037D1DB /* instancing3.vertex in CopyFiles */ = {isa = PBXBuildFile; fileRef = 0A6EB6791CB23697005DA4C6 /* instancing3.vertex */; };
		91C01F4E1CB2DEB50037D1DB /* instancing3.fragment in CopyFiles */ = {isa = PBXBuildFile; fileRef = 0A6EB67A1CB23A51005DA4C6 /* instancing3.fragment */; };
/* End PBXBuildFile section */

/* Begin PBXCopyFilesBuildPhase section */
		0A5235F91CAA3A9400ED5AAA /* CopyFiles */ = {
			isa = PBXCopyFilesBuildPhase;
			buildActionMask = 12;
			dstPath = "";
			dstSubfolderSpec = 6;
			files = (
				0A5236071CAA3B3900ED5AAA /* triangles.fragment in CopyFiles */,
				0A5236081CAA3B3900ED5AAA /* triangles.vertex in CopyFiles */,
			);
			runOnlyForDeploymentPostprocessing = 0;
		};
		0A52360F1CAA531100ED5AAA /* CopyFiles */ = {
			isa = PBXCopyFilesBuildPhase;
			buildActionMask = 12;
			dstPath = "";
			dstSubfolderSpec = 6;
			files = (
				0A52361E1CAA55B700ED5AAA /* primitive_restart.vertex in CopyFiles */,
				0A52361F1CAA55B700ED5AAA /* primitive_restart.fragment in CopyFiles */,
			);
			runOnlyForDeploymentPostprocessing = 0;
		};
		0A5FC3C91CACD09000A178B5 /* CopyFiles */ = {
			isa = PBXCopyFilesBuildPhase;
			buildActionMask = 12;
			dstPath = "";
			dstSubfolderSpec = 6;
			files = (
				0A5FC3DC1CACEA3E00A178B5 /* armadillo_low.vbm in CopyFiles */,
				0A5FC3D91CACEA1800A178B5 /* instancing.vertex in CopyFiles */,
				0A5FC3DA1CACEA1800A178B5 /* instancing.fragment in CopyFiles */,
			);
			runOnlyForDeploymentPostprocessing = 0;
		};
		0A5FC3E61CAE2B7800A178B5 /* CopyFiles */ = {
			isa = PBXCopyFilesBuildPhase;
			buildActionMask = 12;
			dstPath = "";
			dstSubfolderSpec = 6;
			files = (
				0A6EB63D1CAE49BC005DA4C6 /* pointsprites.fragment in CopyFiles */,
				0A6EB63E1CAE49BC005DA4C6 /* pointsprites.vertex in CopyFiles */,
				0A6EB6391CAE46A3005DA4C6 /* sprite.tga in CopyFiles */,
				0A6EB63A1CAE46A4005DA4C6 /* sprite2.tga in CopyFiles */,
			);
			runOnlyForDeploymentPostprocessing = 0;
		};
		0A6EB6461CB1DACB005DA4C6 /* CopyFiles */ = {
			isa = PBXCopyFilesBuildPhase;
			buildActionMask = 12;
			dstPath = "";
			dstSubfolderSpec = 6;
			files = (
				0A6EB6471CB1DACB005DA4C6 /* primitive_restart.vertex in CopyFiles */,
				0A6EB6481CB1DACB005DA4C6 /* primitive_restart.fragment in CopyFiles */,
			);
			runOnlyForDeploymentPostprocessing = 0;
		};
		0A6EB65B1CB2214F005DA4C6 /* CopyFiles */ = {
			isa = PBXCopyFilesBuildPhase;
			buildActionMask = 12;
			dstPath = "";
			dstSubfolderSpec = 6;
			files = (
				0A6EB6631CB2217A005DA4C6 /* instancing2.vertex in CopyFiles */,
				0A6EB6641CB2217A005DA4C6 /* instancing2.fragment in CopyFiles */,
				0A6EB65C1CB2214F005DA4C6 /* armadillo_low.vbm in CopyFiles */,
			);
			runOnlyForDeploymentPostprocessing = 0;
		};
		0A6EB66F1CB234C3005DA4C6 /* CopyFiles */ = {
			isa = PBXCopyFilesBuildPhase;
			buildActionMask = 12;
			dstPath = "";
			dstSubfolderSpec = 6;
			files = (
				91C01F4D1CB2DEB50037D1DB /* instancing3.vertex in CopyFiles */,
				91C01F4E1CB2DEB50037D1DB /* instancing3.fragment in CopyFiles */,
				0A6EB6721CB234C3005DA4C6 /* armadillo_low.vbm in CopyFiles */,
			);
			runOnlyForDeploymentPostprocessing = 0;
		};
/* End PBXCopyFilesBuildPhase section */

/* Begin PBXFileReference section */
		0A5235EB1CAA39F400ED5AAA /* main.cpp */ = {isa = PBXFileReference; lastKnownFileType = sourcecode.cpp.cpp; path = main.cpp; sourceTree = "<group>"; };
		0A5235F51CAA3A6A00ED5AAA /* shader.hpp */ = {isa = PBXFileReference; lastKnownFileType = sourcecode.cpp.h; path = shader.hpp; sourceTree = "<group>"; };
		0A5235F61CAA3A6A00ED5AAA /* shader.cpp */ = {isa = PBXFileReference; lastKnownFileType = sourcecode.cpp.cpp; path = shader.cpp; sourceTree = "<group>"; };
		0A5235FB1CAA3A9400ED5AAA /* triangles */ = {isa = PBXFileReference; explicitFileType = "compiled.mach-o.executable"; includeInIndex = 0; path = triangles; sourceTree = BUILT_PRODUCTS_DIR; };
		0A5236031CAA3B0400ED5AAA /* triangles.cpp */ = {isa = PBXFileReference; fileEncoding = 4; lastKnownFileType = sourcecode.cpp.cpp; path = triangles.cpp; sourceTree = "<group>"; };
		0A5236041CAA3B0400ED5AAA /* triangles.fragment */ = {isa = PBXFileReference; fileEncoding = 4; lastKnownFileType = sourcecode.glsl; path = triangles.fragment; sourceTree = "<group>"; };
		0A5236051CAA3B0400ED5AAA /* triangles.vertex */ = {isa = PBXFileReference; fileEncoding = 4; lastKnownFileType = sourcecode.glsl; path = triangles.vertex; sourceTree = "<group>"; };
		0A5236151CAA531100ED5AAA /* ch03-drawcommands */ = {isa = PBXFileReference; explicitFileType = "compiled.mach-o.executable"; includeInIndex = 0; path = "ch03-drawcommands"; sourceTree = BUILT_PRODUCTS_DIR; };
		0A5236191CAA54B800ED5AAA /* main.cpp */ = {isa = PBXFileReference; fileEncoding = 4; lastKnownFileType = sourcecode.cpp.cpp; path = main.cpp; sourceTree = "<group>"; };
		0A52361C1CAA54F700ED5AAA /* primitive_restart.vertex */ = {isa = PBXFileReference; fileEncoding = 4; lastKnownFileType = sourcecode.glsl; path = primitive_restart.vertex; sourceTree = "<group>"; };
		0A52361D1CAA557600ED5AAA /* primitive_restart.fragment */ = {isa = PBXFileReference; fileEncoding = 4; lastKnownFileType = sourcecode.glsl; path = primitive_restart.fragment; sourceTree = "<group>"; };
		0A5FC3C11CACD06100A178B5 /* vbm.h */ = {isa = PBXFileReference; lastKnownFileType = sourcecode.c.h; path = vbm.h; sourceTree = "<group>"; };
		0A5FC3C21CACD06100A178B5 /* vutils.h */ = {isa = PBXFileReference; lastKnownFileType = sourcecode.c.h; path = vutils.h; sourceTree = "<group>"; };
		0A5FC3C31CACD06100A178B5 /* vbm.cpp */ = {isa = PBXFileReference; lastKnownFileType = sourcecode.cpp.cpp; path = vbm.cpp; sourceTree = "<group>"; };
		0A5FC3CF1CACD09000A178B5 /* ch03-instancing */ = {isa = PBXFileReference; explicitFileType = "compiled.mach-o.executable"; includeInIndex = 0; path = "ch03-instancing"; sourceTree = BUILT_PRODUCTS_DIR; };
		0A5FC3D21CACD0F800A178B5 /* ch03_instancing.cpp */ = {isa = PBXFileReference; fileEncoding = 4; lastKnownFileType = sourcecode.cpp.cpp; path = ch03_instancing.cpp; sourceTree = "<group>"; };
		0A5FC3D41CACD23E00A178B5 /* CKApp.cpp */ = {isa = PBXFileReference; fileEncoding = 4; lastKnownFileType = sourcecode.cpp.cpp; path = CKApp.cpp; sourceTree = "<group>"; };
		0A5FC3D51CACD23E00A178B5 /* CKApp.hpp */ = {isa = PBXFileReference; fileEncoding = 4; lastKnownFileType = sourcecode.cpp.h; path = CKApp.hpp; sourceTree = "<group>"; };
		0A5FC3D71CACE72400A178B5 /* instancing.vertex */ = {isa = PBXFileReference; fileEncoding = 4; lastKnownFileType = sourcecode.glsl; path = instancing.vertex; sourceTree = "<group>"; };
		0A5FC3D81CACE77F00A178B5 /* instancing.fragment */ = {isa = PBXFileReference; fileEncoding = 4; lastKnownFileType = sourcecode.glsl; path = instancing.fragment; sourceTree = "<group>"; };
		0A5FC3DB1CACEA3B00A178B5 /* armadillo_low.vbm */ = {isa = PBXFileReference; lastKnownFileType = file; path = armadillo_low.vbm; sourceTree = "<group>"; };
		0A5FC3ED1CAE2B7800A178B5 /* ch03-pointsprites */ = {isa = PBXFileReference; explicitFileType = "compiled.mach-o.executable"; includeInIndex = 0; path = "ch03-pointsprites"; sourceTree = BUILT_PRODUCTS_DIR; };
		0A5FC3EE1CAE2BCD00A178B5 /* pointsprites.cpp */ = {isa = PBXFileReference; fileEncoding = 4; lastKnownFileType = sourcecode.cpp.cpp; path = pointsprites.cpp; sourceTree = "<group>"; };
		0A5FC3EF1CAE2BCD00A178B5 /* pointsprites.hpp */ = {isa = PBXFileReference; fileEncoding = 4; lastKnownFileType = sourcecode.cpp.h; path = pointsprites.hpp; sourceTree = "<group>"; };
		0A6EB6341CAE42EE005DA4C6 /* tga.cpp */ = {isa = PBXFileReference; fileEncoding = 4; lastKnownFileType = sourcecode.cpp.cpp; path = tga.cpp; sourceTree = "<group>"; };
		0A6EB6351CAE42EE005DA4C6 /* tga.hpp */ = {isa = PBXFileReference; fileEncoding = 4; lastKnownFileType = sourcecode.cpp.h; path = tga.hpp; sourceTree = "<group>"; };
		0A6EB6371CAE4696005DA4C6 /* sprite.tga */ = {isa = PBXFileReference; lastKnownFileType = file; path = sprite.tga; sourceTree = "<group>"; };
		0A6EB6381CAE4696005DA4C6 /* sprite2.tga */ = {isa = PBXFileReference; lastKnownFileType = file; path = sprite2.tga; sourceTree = "<group>"; };
		0A6EB63B1CAE48CD005DA4C6 /* pointsprites.fragment */ = {isa = PBXFileReference; fileEncoding = 4; lastKnownFileType = sourcecode.glsl; path = pointsprites.fragment; sourceTree = "<group>"; };
		0A6EB63C1CAE4923005DA4C6 /* pointsprites.vertex */ = {isa = PBXFileReference; fileEncoding = 4; lastKnownFileType = sourcecode.glsl; path = pointsprites.vertex; sourceTree = "<group>"; };
		0A6EB64C1CB1DACB005DA4C6 /* ch03-restart-primitives */ = {isa = PBXFileReference; explicitFileType = "compiled.mach-o.executable"; includeInIndex = 0; path = "ch03-restart-primitives"; sourceTree = BUILT_PRODUCTS_DIR; };
		0A6EB64E1CB1DB48005DA4C6 /* RestartPrimitivesApplication.cpp */ = {isa = PBXFileReference; fileEncoding = 4; lastKnownFileType = sourcecode.cpp.cpp; path = RestartPrimitivesApplication.cpp; sourceTree = "<group>"; };
		0A6EB64F1CB1DB48005DA4C6 /* RestartPrimitivesApplication.hpp */ = {isa = PBXFileReference; fileEncoding = 4; lastKnownFileType = sourcecode.cpp.h; path = RestartPrimitivesApplication.hpp; sourceTree = "<group>"; };
		0A6EB6521CB21EEE005DA4C6 /* instancing2.vertex */ = {isa = PBXFileReference; fileEncoding = 4; lastKnownFileType = sourcecode.glsl; path = instancing2.vertex; sourceTree = "<group>"; };
		0A6EB6531CB2209D005DA4C6 /* instancing2.fragment */ = {isa = PBXFileReference; fileEncoding = 4; lastKnownFileType = sourcecode.glsl; path = instancing2.fragment; sourceTree = "<group>"; };
		0A6EB6621CB2214F005DA4C6 /* ch03-instancing-2 */ = {isa = PBXFileReference; explicitFileType = "compiled.mach-o.executable"; includeInIndex = 0; path = "ch03-instancing-2"; sourceTree = BUILT_PRODUCTS_DIR; };
		0A6EB6651CB2218D005DA4C6 /* ch03_instancing2.cpp */ = {isa = PBXFileReference; fileEncoding = 4; lastKnownFileType = sourcecode.cpp.cpp; path = ch03_instancing2.cpp; sourceTree = "<group>"; };
		0A6EB6761CB234C3005DA4C6 /* ch03-instancing-3 */ = {isa = PBXFileReference; explicitFileType = "compiled.mach-o.executable"; includeInIndex = 0; path = "ch03-instancing-3"; sourceTree = BUILT_PRODUCTS_DIR; };
		0A6EB6771CB23508005DA4C6 /* ch03_instancing3.cpp */ = {isa = PBXFileReference; fileEncoding = 4; lastKnownFileType = sourcecode.cpp.cpp; path = ch03_instancing3.cpp; sourceTree = "<group>"; };
		0A6EB6791CB23697005DA4C6 /* instancing3.vertex */ = {isa = PBXFileReference; fileEncoding = 4; lastKnownFileType = sourcecode.glsl; path = instancing3.vertex; sourceTree = "<group>"; };
		0A6EB67A1CB23A51005DA4C6 /* instancing3.fragment */ = {isa = PBXFileReference; fileEncoding = 4; lastKnownFileType = sourcecode.glsl; path = instancing3.fragment; sourceTree = "<group>"; };
/* End PBXFileReference section */

/* Begin PBXFrameworksBuildPhase section */
		0A5235F81CAA3A9400ED5AAA /* Frameworks */ = {
			isa = PBXFrameworksBuildPhase;
			buildActionMask = 2147483647;
			files = (
			);
			runOnlyForDeploymentPostprocessing = 0;
		};
		0A52360E1CAA531100ED5AAA /* Frameworks */ = {
			isa = PBXFrameworksBuildPhase;
			buildActionMask = 2147483647;
			files = (
			);
			runOnlyForDeploymentPostprocessing = 0;
		};
		0A5FC3C81CACD09000A178B5 /* Frameworks */ = {
			isa = PBXFrameworksBuildPhase;
			buildActionMask = 2147483647;
			files = (
			);
			runOnlyForDeploymentPostprocessing = 0;
		};
		0A5FC3E51CAE2B7800A178B5 /* Frameworks */ = {
			isa = PBXFrameworksBuildPhase;
			buildActionMask = 2147483647;
			files = (
			);
			runOnlyForDeploymentPostprocessing = 0;
		};
		0A6EB6451CB1DACB005DA4C6 /* Frameworks */ = {
			isa = PBXFrameworksBuildPhase;
			buildActionMask = 2147483647;
			files = (
			);
			runOnlyForDeploymentPostprocessing = 0;
		};
		0A6EB65A1CB2214F005DA4C6 /* Frameworks */ = {
			isa = PBXFrameworksBuildPhase;
			buildActionMask = 2147483647;
			files = (
			);
			runOnlyForDeploymentPostprocessing = 0;
		};
		0A6EB66E1CB234C3005DA4C6 /* Frameworks */ = {
			isa = PBXFrameworksBuildPhase;
			buildActionMask = 2147483647;
			files = (
			);
			runOnlyForDeploymentPostprocessing = 0;
		};
/* End PBXFrameworksBuildPhase section */

/* Begin PBXGroup section */
		0A5235DF1CAA39F400ED5AAA = {
			isa = PBXGroup;
			children = (
				0A5235EA1CAA39F400ED5AAA /* ogl-8th-edition */,
				0A5235E91CAA39F400ED5AAA /* Products */,
			);
			sourceTree = "<group>";
		};
		0A5235E91CAA39F400ED5AAA /* Products */ = {
			isa = PBXGroup;
			children = (
				0A5235FB1CAA3A9400ED5AAA /* triangles */,
				0A5236151CAA531100ED5AAA /* ch03-drawcommands */,
				0A5FC3CF1CACD09000A178B5 /* ch03-instancing */,
				0A5FC3ED1CAE2B7800A178B5 /* ch03-pointsprites */,
				0A6EB64C1CB1DACB005DA4C6 /* ch03-restart-primitives */,
				0A6EB6621CB2214F005DA4C6 /* ch03-instancing-2 */,
				0A6EB6761CB234C3005DA4C6 /* ch03-instancing-3 */,
			);
			name = Products;
			sourceTree = "<group>";
		};
		0A5235EA1CAA39F400ED5AAA /* ogl-8th-edition */ = {
			isa = PBXGroup;
			children = (
				0A5235F21CAA3A4200ED5AAA /* ch01 */,
				0A5235F31CAA3A4200ED5AAA /* ch03 */,
				0A5235F41CAA3A4200ED5AAA /* common */,
				0A5235EB1CAA39F400ED5AAA /* main.cpp */,
			);
			path = "ogl-8th-edition";
			sourceTree = "<group>";
		};
		0A5235F21CAA3A4200ED5AAA /* ch01 */ = {
			isa = PBXGroup;
			children = (
				0A5236031CAA3B0400ED5AAA /* triangles.cpp */,
				0A5236041CAA3B0400ED5AAA /* triangles.fragment */,
				0A5236051CAA3B0400ED5AAA /* triangles.vertex */,
			);
			path = ch01;
			sourceTree = "<group>";
		};
		0A5235F31CAA3A4200ED5AAA /* ch03 */ = {
			isa = PBXGroup;
			children = (
				0A5FC3DE1CAE2B7100A178B5 /* pointsprites */,
				0A5FC3D11CACD0D400A178B5 /* instancing */,
				0A6EB64D1CB1DB1D005DA4C6 /* restartprimitives */,
				0A5236181CAA54B800ED5AAA /* drawcommands */,
				0A52361B1CAA54C100ED5AAA /* shaders */,
			);
			path = ch03;
			sourceTree = "<group>";
		};
		0A5235F41CAA3A4200ED5AAA /* common */ = {
			isa = PBXGroup;
			children = (
				0A5235F51CAA3A6A00ED5AAA /* shader.hpp */,
				0A5235F61CAA3A6A00ED5AAA /* shader.cpp */,
				0A5FC3C21CACD06100A178B5 /* vutils.h */,
				0A5FC3C11CACD06100A178B5 /* vbm.h */,
				0A5FC3C31CACD06100A178B5 /* vbm.cpp */,
				0A5FC3D51CACD23E00A178B5 /* CKApp.hpp */,
				0A5FC3D41CACD23E00A178B5 /* CKApp.cpp */,
				0A6EB6341CAE42EE005DA4C6 /* tga.cpp */,
				0A6EB6351CAE42EE005DA4C6 /* tga.hpp */,
			);
			path = common;
			sourceTree = "<group>";
		};
		0A5236181CAA54B800ED5AAA /* drawcommands */ = {
			isa = PBXGroup;
			children = (
				0A5236191CAA54B800ED5AAA /* main.cpp */,
			);
			path = drawcommands;
			sourceTree = "<group>";
		};
		0A52361B1CAA54C100ED5AAA /* shaders */ = {
			isa = PBXGroup;
			children = (
				0A52361C1CAA54F700ED5AAA /* primitive_restart.vertex */,
				0A52361D1CAA557600ED5AAA /* primitive_restart.fragment */,
			);
			path = shaders;
			sourceTree = "<group>";
		};
		0A5FC3D11CACD0D400A178B5 /* instancing */ = {
			isa = PBXGroup;
			children = (
				0A5FC3D21CACD0F800A178B5 /* ch03_instancing.cpp */,
				0A5FC3DB1CACEA3B00A178B5 /* armadillo_low.vbm */,
				0A5FC3D71CACE72400A178B5 /* instancing.vertex */,
				0A5FC3D81CACE77F00A178B5 /* instancing.fragment */,
				0A6EB6651CB2218D005DA4C6 /* ch03_instancing2.cpp */,
				0A6EB6521CB21EEE005DA4C6 /* instancing2.vertex */,
				0A6EB6531CB2209D005DA4C6 /* instancing2.fragment */,
				0A6EB6771CB23508005DA4C6 /* ch03_instancing3.cpp */,
				0A6EB6791CB23697005DA4C6 /* instancing3.vertex */,
				0A6EB67A1CB23A51005DA4C6 /* instancing3.fragment */,
			);
			path = instancing;
			sourceTree = "<group>";
		};
		0A5FC3DE1CAE2B7100A178B5 /* pointsprites */ = {
			isa = PBXGroup;
			children = (
				0A5FC3EE1CAE2BCD00A178B5 /* pointsprites.cpp */,
				0A5FC3EF1CAE2BCD00A178B5 /* pointsprites.hpp */,
				0A6EB6371CAE4696005DA4C6 /* sprite.tga */,
				0A6EB6381CAE4696005DA4C6 /* sprite2.tga */,
				0A6EB63B1CAE48CD005DA4C6 /* pointsprites.fragment */,
				0A6EB63C1CAE4923005DA4C6 /* pointsprites.vertex */,
			);
			path = pointsprites;
			sourceTree = "<group>";
		};
		0A6EB64D1CB1DB1D005DA4C6 /* restartprimitives */ = {
			isa = PBXGroup;
			children = (
				0A6EB64E1CB1DB48005DA4C6 /* RestartPrimitivesApplication.cpp */,
				0A6EB64F1CB1DB48005DA4C6 /* RestartPrimitivesApplication.hpp */,
			);
			path = restartprimitives;
			sourceTree = "<group>";
		};
/* End PBXGroup section */

/* Begin PBXNativeTarget section */
		0A5235FA1CAA3A9400ED5AAA /* triangles */ = {
			isa = PBXNativeTarget;
			buildConfigurationList = 0A5235FF1CAA3A9500ED5AAA /* Build configuration list for PBXNativeTarget "triangles" */;
			buildPhases = (
				0A5235F71CAA3A9400ED5AAA /* Sources */,
				0A5235F81CAA3A9400ED5AAA /* Frameworks */,
				0A5235F91CAA3A9400ED5AAA /* CopyFiles */,
			);
			buildRules = (
			);
			dependencies = (
			);
			name = triangles;
			productName = triangles;
			productReference = 0A5235FB1CAA3A9400ED5AAA /* triangles */;
			productType = "com.apple.product-type.tool";
		};
		0A52360A1CAA531100ED5AAA /* ch03-drawcommands */ = {
			isa = PBXNativeTarget;
			buildConfigurationList = 0A5236121CAA531100ED5AAA /* Build configuration list for PBXNativeTarget "ch03-drawcommands" */;
			buildPhases = (
				0A52360B1CAA531100ED5AAA /* Sources */,
				0A52360E1CAA531100ED5AAA /* Frameworks */,
				0A52360F1CAA531100ED5AAA /* CopyFiles */,
			);
			buildRules = (
			);
			dependencies = (
			);
			name = "ch03-drawcommands";
			productName = triangles;
			productReference = 0A5236151CAA531100ED5AAA /* ch03-drawcommands */;
			productType = "com.apple.product-type.tool";
		};
		0A5FC3C41CACD09000A178B5 /* ch03-instancing */ = {
			isa = PBXNativeTarget;
			buildConfigurationList = 0A5FC3CC1CACD09000A178B5 /* Build configuration list for PBXNativeTarget "ch03-instancing" */;
			buildPhases = (
				0A5FC3C51CACD09000A178B5 /* Sources */,
				0A5FC3C81CACD09000A178B5 /* Frameworks */,
				0A5FC3C91CACD09000A178B5 /* CopyFiles */,
			);
			buildRules = (
			);
			dependencies = (
			);
			name = "ch03-instancing";
			productName = triangles;
			productReference = 0A5FC3CF1CACD09000A178B5 /* ch03-instancing */;
			productType = "com.apple.product-type.tool";
		};
		0A5FC3DF1CAE2B7800A178B5 /* ch03-pointsprites */ = {
			isa = PBXNativeTarget;
			buildConfigurationList = 0A5FC3EA1CAE2B7800A178B5 /* Build configuration list for PBXNativeTarget "ch03-pointsprites" */;
			buildPhases = (
				0A5FC3E01CAE2B7800A178B5 /* Sources */,
				0A5FC3E51CAE2B7800A178B5 /* Frameworks */,
				0A5FC3E61CAE2B7800A178B5 /* CopyFiles */,
			);
			buildRules = (
			);
			dependencies = (
			);
			name = "ch03-pointsprites";
			productName = triangles;
			productReference = 0A5FC3ED1CAE2B7800A178B5 /* ch03-pointsprites */;
			productType = "com.apple.product-type.tool";
		};
		0A6EB6411CB1DACB005DA4C6 /* ch03-restart-primitives */ = {
			isa = PBXNativeTarget;
			buildConfigurationList = 0A6EB6491CB1DACB005DA4C6 /* Build configuration list for PBXNativeTarget "ch03-restart-primitives" */;
			buildPhases = (
				0A6EB6421CB1DACB005DA4C6 /* Sources */,
				0A6EB6451CB1DACB005DA4C6 /* Frameworks */,
				0A6EB6461CB1DACB005DA4C6 /* CopyFiles */,
			);
			buildRules = (
			);
			dependencies = (
			);
			name = "ch03-restart-primitives";
			productName = triangles;
			productReference = 0A6EB64C1CB1DACB005DA4C6 /* ch03-restart-primitives */;
			productType = "com.apple.product-type.tool";
		};
		0A6EB6541CB2214F005DA4C6 /* ch03-instancing-2 */ = {
			isa = PBXNativeTarget;
			buildConfigurationList = 0A6EB65F1CB2214F005DA4C6 /* Build configuration list for PBXNativeTarget "ch03-instancing-2" */;
			buildPhases = (
				0A6EB6551CB2214F005DA4C6 /* Sources */,
				0A6EB65A1CB2214F005DA4C6 /* Frameworks */,
				0A6EB65B1CB2214F005DA4C6 /* CopyFiles */,
			);
			buildRules = (
			);
			dependencies = (
			);
			name = "ch03-instancing-2";
			productName = triangles;
			productReference = 0A6EB6621CB2214F005DA4C6 /* ch03-instancing-2 */;
			productType = "com.apple.product-type.tool";
		};
		0A6EB6681CB234C3005DA4C6 /* ch03-instancing-3 */ = {
			isa = PBXNativeTarget;
			buildConfigurationList = 0A6EB6731CB234C3005DA4C6 /* Build configuration list for PBXNativeTarget "ch03-instancing-3" */;
			buildPhases = (
				0A6EB6691CB234C3005DA4C6 /* Sources */,
				0A6EB66E1CB234C3005DA4C6 /* Frameworks */,
				0A6EB66F1CB234C3005DA4C6 /* CopyFiles */,
			);
			buildRules = (
			);
			dependencies = (
			);
			name = "ch03-instancing-3";
			productName = triangles;
			productReference = 0A6EB6761CB234C3005DA4C6 /* ch03-instancing-3 */;
			productType = "com.apple.product-type.tool";
		};
/* End PBXNativeTarget section */

/* Begin PBXProject section */
		0A5235E01CAA39F400ED5AAA /* Project object */ = {
			isa = PBXProject;
			attributes = {
				LastUpgradeCheck = 0730;
				ORGANIZATIONNAME = "Kevin Chen";
				TargetAttributes = {
					0A5235FA1CAA3A9400ED5AAA = {
						CreatedOnToolsVersion = 7.3;
					};
				};
			};
			buildConfigurationList = 0A5235E31CAA39F400ED5AAA /* Build configuration list for PBXProject "ogl-8th-edition" */;
			compatibilityVersion = "Xcode 3.2";
			developmentRegion = English;
			hasScannedForEncodings = 0;
			knownRegions = (
				en,
			);
			mainGroup = 0A5235DF1CAA39F400ED5AAA;
			productRefGroup = 0A5235E91CAA39F400ED5AAA /* Products */;
			projectDirPath = "";
			projectRoot = "";
			targets = (
				0A5235FA1CAA3A9400ED5AAA /* triangles */,
				0A52360A1CAA531100ED5AAA /* ch03-drawcommands */,
				0A5FC3DF1CAE2B7800A178B5 /* ch03-pointsprites */,
				0A6EB6411CB1DACB005DA4C6 /* ch03-restart-primitives */,
				0A5FC3C41CACD09000A178B5 /* ch03-instancing */,
				0A6EB6541CB2214F005DA4C6 /* ch03-instancing-2 */,
				0A6EB6681CB234C3005DA4C6 /* ch03-instancing-3 */,
			);
		};
/* End PBXProject section */

/* Begin PBXSourcesBuildPhase section */
		0A5235F71CAA3A9400ED5AAA /* Sources */ = {
			isa = PBXSourcesBuildPhase;
			buildActionMask = 2147483647;
			files = (
				0A5236061CAA3B0400ED5AAA /* triangles.cpp in Sources */,
				0A5236021CAA3A9C00ED5AAA /* shader.cpp in Sources */,
			);
			runOnlyForDeploymentPostprocessing = 0;
		};
		0A52360B1CAA531100ED5AAA /* Sources */ = {
			isa = PBXSourcesBuildPhase;
			buildActionMask = 2147483647;
			files = (
				0A52361A1CAA54B800ED5AAA /* main.cpp in Sources */,
				0A52360D1CAA531100ED5AAA /* shader.cpp in Sources */,
			);
			runOnlyForDeploymentPostprocessing = 0;
		};
		0A5FC3C51CACD09000A178B5 /* Sources */ = {
			isa = PBXSourcesBuildPhase;
			buildActionMask = 2147483647;
			files = (
				0A5FC3DD1CACF87E00A178B5 /* shader.cpp in Sources */,
				0A5FC3D01CACD0B400A178B5 /* vbm.cpp in Sources */,
				0A5FC3D31CACD0F800A178B5 /* ch03_instancing.cpp in Sources */,
				0A5FC3D61CACD23E00A178B5 /* CKApp.cpp in Sources */,
			);
			runOnlyForDeploymentPostprocessing = 0;
		};
		0A5FC3E01CAE2B7800A178B5 /* Sources */ = {
			isa = PBXSourcesBuildPhase;
			buildActionMask = 2147483647;
			files = (
				0A6EB6361CAE42EE005DA4C6 /* tga.cpp in Sources */,
				0A5FC3E11CAE2B7800A178B5 /* shader.cpp in Sources */,
				0A5FC3E41CAE2B7800A178B5 /* CKApp.cpp in Sources */,
				0A5FC3F01CAE2BCD00A178B5 /* pointsprites.cpp in Sources */,
			);
			runOnlyForDeploymentPostprocessing = 0;
		};
		0A6EB6421CB1DACB005DA4C6 /* Sources */ = {
			isa = PBXSourcesBuildPhase;
			buildActionMask = 2147483647;
			files = (
				0A6EB6511CB1DB68005DA4C6 /* CKApp.cpp in Sources */,
				0A6EB6501CB1DB48005DA4C6 /* RestartPrimitivesApplication.cpp in Sources */,
				0A6EB6671CB2218D005DA4C6 /* ch03_instancing2.cpp in Sources */,
				0A6EB6441CB1DACB005DA4C6 /* shader.cpp in Sources */,
			);
			runOnlyForDeploymentPostprocessing = 0;
		};
		0A6EB6551CB2214F005DA4C6 /* Sources */ = {
			isa = PBXSourcesBuildPhase;
			buildActionMask = 2147483647;
			files = (
				0A6EB6561CB2214F005DA4C6 /* shader.cpp in Sources */,
				0A6EB6571CB2214F005DA4C6 /* vbm.cpp in Sources */,
				0A6EB6661CB2218D005DA4C6 /* ch03_instancing2.cpp in Sources */,
				0A6EB6591CB2214F005DA4C6 /* CKApp.cpp in Sources */,
			);
			runOnlyForDeploymentPostprocessing = 0;
		};
		0A6EB6691CB234C3005DA4C6 /* Sources */ = {
			isa = PBXSourcesBuildPhase;
			buildActionMask = 2147483647;
			files = (
				0A6EB66A1CB234C3005DA4C6 /* shader.cpp in Sources */,
				0A6EB66B1CB234C3005DA4C6 /* vbm.cpp in Sources */,
				0A6EB66D1CB234C3005DA4C6 /* CKApp.cpp in Sources */,
				0A6EB6781CB23508005DA4C6 /* ch03_instancing3.cpp in Sources */,
			);
			runOnlyForDeploymentPostprocessing = 0;
		};
/* End PBXSourcesBuildPhase section */

/* Begin XCBuildConfiguration section */
		0A5235ED1CAA39F400ED5AAA /* Debug */ = {
			isa = XCBuildConfiguration;
			buildSettings = {
				ALWAYS_SEARCH_USER_PATHS = NO;
				CLANG_ANALYZER_NONNULL = YES;
				CLANG_CXX_LANGUAGE_STANDARD = "gnu++0x";
				CLANG_CXX_LIBRARY = "libc++";
				CLANG_ENABLE_MODULES = YES;
				CLANG_ENABLE_OBJC_ARC = YES;
				CLANG_WARN_BOOL_CONVERSION = YES;
				CLANG_WARN_CONSTANT_CONVERSION = YES;
				CLANG_WARN_DIRECT_OBJC_ISA_USAGE = YES_ERROR;
				CLANG_WARN_EMPTY_BODY = YES;
				CLANG_WARN_ENUM_CONVERSION = YES;
				CLANG_WARN_INT_CONVERSION = YES;
				CLANG_WARN_OBJC_ROOT_CLASS = YES_ERROR;
				CLANG_WARN_UNREACHABLE_CODE = YES;
				CLANG_WARN__DUPLICATE_METHOD_MATCH = YES;
				CODE_SIGN_IDENTITY = "-";
				COPY_PHASE_STRIP = NO;
				DEBUG_INFORMATION_FORMAT = dwarf;
				ENABLE_STRICT_OBJC_MSGSEND = YES;
				ENABLE_TESTABILITY = YES;
				GCC_C_LANGUAGE_STANDARD = gnu99;
				GCC_DYNAMIC_NO_PIC = NO;
				GCC_NO_COMMON_BLOCKS = YES;
				GCC_OPTIMIZATION_LEVEL = 0;
				GCC_PREPROCESSOR_DEFINITIONS = (
					"DEBUG=1",
					"$(inherited)",
				);
				GCC_WARN_64_TO_32_BIT_CONVERSION = YES;
				GCC_WARN_ABOUT_RETURN_TYPE = YES_ERROR;
				GCC_WARN_UNDECLARED_SELECTOR = YES;
				GCC_WARN_UNINITIALIZED_AUTOS = YES_AGGRESSIVE;
				GCC_WARN_UNUSED_FUNCTION = YES;
				GCC_WARN_UNUSED_VARIABLE = YES;
				MACOSX_DEPLOYMENT_TARGET = 10.11;
				MTL_ENABLE_DEBUG_INFO = YES;
				ONLY_ACTIVE_ARCH = YES;
				SDKROOT = macosx;
			};
			name = Debug;
		};
		0A5235EE1CAA39F400ED5AAA /* Release */ = {
			isa = XCBuildConfiguration;
			buildSettings = {
				ALWAYS_SEARCH_USER_PATHS = NO;
				CLANG_ANALYZER_NONNULL = YES;
				CLANG_CXX_LANGUAGE_STANDARD = "gnu++0x";
				CLANG_CXX_LIBRARY = "libc++";
				CLANG_ENABLE_MODULES = YES;
				CLANG_ENABLE_OBJC_ARC = YES;
				CLANG_WARN_BOOL_CONVERSION = YES;
				CLANG_WARN_CONSTANT_CONVERSION = YES;
				CLANG_WARN_DIRECT_OBJC_ISA_USAGE = YES_ERROR;
				CLANG_WARN_EMPTY_BODY = YES;
				CLANG_WARN_ENUM_CONVERSION = YES;
				CLANG_WARN_INT_CONVERSION = YES;
				CLANG_WARN_OBJC_ROOT_CLASS = YES_ERROR;
				CLANG_WARN_UNREACHABLE_CODE = YES;
				CLANG_WARN__DUPLICATE_METHOD_MATCH = YES;
				CODE_SIGN_IDENTITY = "-";
				COPY_PHASE_STRIP = NO;
				DEBUG_INFORMATION_FORMAT = "dwarf-with-dsym";
				ENABLE_NS_ASSERTIONS = NO;
				ENABLE_STRICT_OBJC_MSGSEND = YES;
				GCC_C_LANGUAGE_STANDARD = gnu99;
				GCC_NO_COMMON_BLOCKS = YES;
				GCC_WARN_64_TO_32_BIT_CONVERSION = YES;
				GCC_WARN_ABOUT_RETURN_TYPE = YES_ERROR;
				GCC_WARN_UNDECLARED_SELECTOR = YES;
				GCC_WARN_UNINITIALIZED_AUTOS = YES_AGGRESSIVE;
				GCC_WARN_UNUSED_FUNCTION = YES;
				GCC_WARN_UNUSED_VARIABLE = YES;
				MACOSX_DEPLOYMENT_TARGET = 10.11;
				MTL_ENABLE_DEBUG_INFO = NO;
				SDKROOT = macosx;
			};
			name = Release;
		};
		0A5236001CAA3A9500ED5AAA /* Debug */ = {
			isa = XCBuildConfiguration;
			buildSettings = {
				HEADER_SEARCH_PATHS = /usr/local/include;
				LIBRARY_SEARCH_PATHS = /usr/local/lib;
				OTHER_LDFLAGS = (
					"-lglew",
					"-lglfw",
					"-framework",
					Cocoa,
					"-framework",
					OpenGL,
					"-framework",
					IOKit,
					"-framework",
					CoreVideo,
					"-framework",
					CoreFoundation,
				);
				PRODUCT_NAME = "$(TARGET_NAME)";
			};
			name = Debug;
		};
		0A5236011CAA3A9500ED5AAA /* Release */ = {
			isa = XCBuildConfiguration;
			buildSettings = {
				HEADER_SEARCH_PATHS = /usr/local/include;
				LIBRARY_SEARCH_PATHS = /usr/local/lib;
				OTHER_LDFLAGS = (
					"-lglew",
					"-lglfw",
					"-framework",
					Cocoa,
					"-framework",
					OpenGL,
					"-framework",
					IOKit,
					"-framework",
					CoreVideo,
					"-framework",
					CoreFoundation,
				);
				PRODUCT_NAME = "$(TARGET_NAME)";
			};
			name = Release;
		};
		0A5236131CAA531100ED5AAA /* Debug */ = {
			isa = XCBuildConfiguration;
			buildSettings = {
				HEADER_SEARCH_PATHS = /usr/local/include;
				LIBRARY_SEARCH_PATHS = /usr/local/lib;
				OTHER_LDFLAGS = (
					"-lglew",
					"-lglfw",
					"-framework",
					Cocoa,
					"-framework",
					OpenGL,
					"-framework",
					IOKit,
					"-framework",
					CoreVideo,
					"-framework",
					CoreFoundation,
				);
				PRODUCT_NAME = "$(TARGET_NAME)";
			};
			name = Debug;
		};
		0A5236141CAA531100ED5AAA /* Release */ = {
			isa = XCBuildConfiguration;
			buildSettings = {
				HEADER_SEARCH_PATHS = /usr/local/include;
				LIBRARY_SEARCH_PATHS = /usr/local/lib;
				OTHER_LDFLAGS = (
					"-lglew",
					"-lglfw",
					"-framework",
					Cocoa,
					"-framework",
					OpenGL,
					"-framework",
					IOKit,
					"-framework",
					CoreVideo,
					"-framework",
					CoreFoundation,
				);
				PRODUCT_NAME = "$(TARGET_NAME)";
			};
			name = Release;
		};
		0A5FC3CD1CACD09000A178B5 /* Debug */ = {
			isa = XCBuildConfiguration;
			buildSettings = {
				HEADER_SEARCH_PATHS = /usr/local/include;
				LIBRARY_SEARCH_PATHS = /usr/local/lib;
				OTHER_LDFLAGS = (
					"-lglew",
					"-lglfw",
					"-framework",
					Cocoa,
					"-framework",
					OpenGL,
					"-framework",
					IOKit,
					"-framework",
					CoreVideo,
					"-framework",
					CoreFoundation,
				);
				PRODUCT_NAME = "$(TARGET_NAME)";
			};
			name = Debug;
		};
		0A5FC3CE1CACD09000A178B5 /* Release */ = {
			isa = XCBuildConfiguration;
			buildSettings = {
				HEADER_SEARCH_PATHS = /usr/local/include;
				LIBRARY_SEARCH_PATHS = /usr/local/lib;
				OTHER_LDFLAGS = (
					"-lglew",
					"-lglfw",
					"-framework",
					Cocoa,
					"-framework",
					OpenGL,
					"-framework",
					IOKit,
					"-framework",
					CoreVideo,
					"-framework",
					CoreFoundation,
				);
				PRODUCT_NAME = "$(TARGET_NAME)";
			};
			name = Release;
		};
		0A5FC3EB1CAE2B7800A178B5 /* Debug */ = {
			isa = XCBuildConfiguration;
			buildSettings = {
				HEADER_SEARCH_PATHS = /usr/local/include;
				LIBRARY_SEARCH_PATHS = /usr/local/lib;
				OTHER_LDFLAGS = (
					"-lglew",
					"-lglfw",
					"-framework",
					Cocoa,
					"-framework",
					OpenGL,
					"-framework",
					IOKit,
					"-framework",
					CoreVideo,
					"-framework",
					CoreFoundation,
				);
				PRODUCT_NAME = "$(TARGET_NAME)";
			};
			name = Debug;
		};
		0A5FC3EC1CAE2B7800A178B5 /* Release */ = {
			isa = XCBuildConfiguration;
			buildSettings = {
				HEADER_SEARCH_PATHS = /usr/local/include;
				LIBRARY_SEARCH_PATHS = /usr/local/lib;
				OTHER_LDFLAGS = (
					"-lglew",
					"-lglfw",
					"-framework",
					Cocoa,
					"-framework",
					OpenGL,
					"-framework",
					IOKit,
					"-framework",
					CoreVideo,
					"-framework",
					CoreFoundation,
				);
				PRODUCT_NAME = "$(TARGET_NAME)";
			};
			name = Release;
		};
		0A6EB64A1CB1DACB005DA4C6 /* Debug */ = {
			isa = XCBuildConfiguration;
			buildSettings = {
				HEADER_SEARCH_PATHS = /usr/local/include;
				LIBRARY_SEARCH_PATHS = /usr/local/lib;
				OTHER_LDFLAGS = (
					"-lglew",
					"-lglfw",
					"-framework",
					Cocoa,
					"-framework",
					OpenGL,
					"-framework",
					IOKit,
					"-framework",
					CoreVideo,
					"-framework",
					CoreFoundation,
				);
				PRODUCT_NAME = "$(TARGET_NAME)";
			};
			name = Debug;
		};
		0A6EB64B1CB1DACB005DA4C6 /* Release */ = {
			isa = XCBuildConfiguration;
			buildSettings = {
				HEADER_SEARCH_PATHS = /usr/local/include;
				LIBRARY_SEARCH_PATHS = /usr/local/lib;
				OTHER_LDFLAGS = (
					"-lglew",
					"-lglfw",
					"-framework",
					Cocoa,
					"-framework",
					OpenGL,
					"-framework",
					IOKit,
					"-framework",
					CoreVideo,
					"-framework",
					CoreFoundation,
				);
				PRODUCT_NAME = "$(TARGET_NAME)";
			};
			name = Release;
		};
		0A6EB6601CB2214F005DA4C6 /* Debug */ = {
			isa = XCBuildConfiguration;
			buildSettings = {
				HEADER_SEARCH_PATHS = /usr/local/include;
				LIBRARY_SEARCH_PATHS = /usr/local/lib;
				OTHER_LDFLAGS = (
					"-lglew",
					"-lglfw",
					"-framework",
					Cocoa,
					"-framework",
					OpenGL,
					"-framework",
					IOKit,
					"-framework",
					CoreVideo,
					"-framework",
					CoreFoundation,
				);
				PRODUCT_NAME = "$(TARGET_NAME)";
			};
			name = Debug;
		};
		0A6EB6611CB2214F005DA4C6 /* Release */ = {
			isa = XCBuildConfiguration;
			buildSettings = {
				HEADER_SEARCH_PATHS = /usr/local/include;
				LIBRARY_SEARCH_PATHS = /usr/local/lib;
				OTHER_LDFLAGS = (
					"-lglew",
					"-lglfw",
					"-framework",
					Cocoa,
					"-framework",
					OpenGL,
					"-framework",
					IOKit,
					"-framework",
					CoreVideo,
					"-framework",
					CoreFoundation,
				);
				PRODUCT_NAME = "$(TARGET_NAME)";
			};
			name = Release;
		};
		0A6EB6741CB234C3005DA4C6 /* Debug */ = {
			isa = XCBuildConfiguration;
			buildSettings = {
				HEADER_SEARCH_PATHS = /usr/local/include;
				LIBRARY_SEARCH_PATHS = /usr/local/lib;
				OTHER_LDFLAGS = (
					"-lglew",
					"-lglfw",
					"-framework",
					Cocoa,
					"-framework",
					OpenGL,
					"-framework",
					IOKit,
					"-framework",
					CoreVideo,
					"-framework",
					CoreFoundation,
				);
				PRODUCT_NAME = "$(TARGET_NAME)";
			};
			name = Debug;
		};
		0A6EB6751CB234C3005DA4C6 /* Release */ = {
			isa = XCBuildConfiguration;
			buildSettings = {
				HEADER_SEARCH_PATHS = /usr/local/include;
				LIBRARY_SEARCH_PATHS = /usr/local/lib;
				OTHER_LDFLAGS = (
					"-lglew",
					"-lglfw",
					"-framework",
					Cocoa,
					"-framework",
					OpenGL,
					"-framework",
					IOKit,
					"-framework",
					CoreVideo,
					"-framework",
					CoreFoundation,
				);
				PRODUCT_NAME = "$(TARGET_NAME)";
			};
			name = Release;
		};
/* End XCBuildConfiguration section */

/* Begin XCConfigurationList section */
		0A5235E31CAA39F400ED5AAA /* Build configuration list for PBXProject "ogl-8th-edition" */ = {
			isa = XCConfigurationList;
			buildConfigurations = (
				0A5235ED1CAA39F400ED5AAA /* Debug */,
				0A5235EE1CAA39F400ED5AAA /* Release */,
			);
			defaultConfigurationIsVisible = 0;
			defaultConfigurationName = Release;
		};
		0A5235FF1CAA3A9500ED5AAA /* Build configuration list for PBXNativeTarget "triangles" */ = {
			isa = XCConfigurationList;
			buildConfigurations = (
				0A5236001CAA3A9500ED5AAA /* Debug */,
				0A5236011CAA3A9500ED5AAA /* Release */,
			);
			defaultConfigurationIsVisible = 0;
			defaultConfigurationName = Release;
		};
		0A5236121CAA531100ED5AAA /* Build configuration list for PBXNativeTarget "ch03-drawcommands" */ = {
			isa = XCConfigurationList;
			buildConfigurations = (
				0A5236131CAA531100ED5AAA /* Debug */,
				0A5236141CAA531100ED5AAA /* Release */,
			);
			defaultConfigurationIsVisible = 0;
			defaultConfigurationName = Release;
		};
		0A5FC3CC1CACD09000A178B5 /* Build configuration list for PBXNativeTarget "ch03-instancing" */ = {
			isa = XCConfigurationList;
			buildConfigurations = (
				0A5FC3CD1CACD09000A178B5 /* Debug */,
				0A5FC3CE1CACD09000A178B5 /* Release */,
			);
			defaultConfigurationIsVisible = 0;
			defaultConfigurationName = Release;
		};
		0A5FC3EA1CAE2B7800A178B5 /* Build configuration list for PBXNativeTarget "ch03-pointsprites" */ = {
			isa = XCConfigurationList;
			buildConfigurations = (
				0A5FC3EB1CAE2B7800A178B5 /* Debug */,
				0A5FC3EC1CAE2B7800A178B5 /* Release */,
			);
			defaultConfigurationIsVisible = 0;
			defaultConfigurationName = Release;
		};
		0A6EB6491CB1DACB005DA4C6 /* Build configuration list for PBXNativeTarget "ch03-restart-primitives" */ = {
			isa = XCConfigurationList;
			buildConfigurations = (
				0A6EB64A1CB1DACB005DA4C6 /* Debug */,
				0A6EB64B1CB1DACB005DA4C6 /* Release */,
			);
			defaultConfigurationIsVisible = 0;
			defaultConfigurationName = Release;
		};
		0A6EB65F1CB2214F005DA4C6 /* Build configuration list for PBXNativeTarget "ch03-instancing-2" */ = {
			isa = XCConfigurationList;
			buildConfigurations = (
				0A6EB6601CB2214F005DA4C6 /* Debug */,
				0A6EB6611CB2214F005DA4C6 /* Release */,
			);
			defaultConfigurationIsVisible = 0;
			defaultConfigurationName = Release;
		};
		0A6EB6731CB234C3005DA4C6 /* Build configuration list for PBXNativeTarget "ch03-instancing-3" */ = {
			isa = XCConfigurationList;
			buildConfigurations = (
				0A6EB6741CB234C3005DA4C6 /* Debug */,
				0A6EB6751CB234C3005DA4C6 /* Release */,
			);
			defaultConfigurationIsVisible = 0;
			defaultConfigurationName = Release;
		};
/* End XCConfigurationList section */
	};
	rootObject = 0A5235E01CAA39F400ED5AAA /* Project object */;
}
